
Microsoft Visual Studio Solution File, Format Version 12.00
# Visual Studio 15
VisualStudioVersion = 15.0.27428.2015
MinimumVisualStudioVersion = 10.0.40219.1
Project("{FAE04EC0-301F-11D3-BF4B-00C04F79EFBC}") = "JaredHawkins_RepZio_Test", "JaredHawkins_RepZio_Test\JaredHawkins_RepZio_Test.csproj", "{EF37D904-D4A1-4D5A-B399-3E03A830AC03}"
EndProject
Global
	GlobalSection(SolutionConfigurationPlatforms) = preSolution
		Debug|Any CPU = Debug|Any CPU
		Release|Any CPU = Release|Any CPU
	EndGlobalSection
	GlobalSection(ProjectConfigurationPlatforms) = postSolution
		{EF37D904-D4A1-4D5A-B399-3E03A830AC03}.Debug|Any CPU.ActiveCfg = Debug|Any CPU
		{EF37D904-D4A1-4D5A-B399-3E03A830AC03}.Debug|Any CPU.Build.0 = Debug|Any CPU
		{EF37D904-D4A1-4D5A-B399-3E03A830AC03}.Release|Any CPU.ActiveCfg = Release|Any CPU
		{EF37D904-D4A1-4D5A-B399-3E03A830AC03}.Release|Any CPU.Build.0 = Release|Any CPU
	EndGlobalSection
	GlobalSection(SolutionProperties) = preSolution
		HideSolutionNode = FALSE
	EndGlobalSection
	GlobalSection(ExtensibilityGlobals) = postSolution
		SolutionGuid = {9B69ED24-EE3B-4894-8571-C14A7D71F208}
	EndGlobalSection
EndGlobal
